Microsoft Visual Studio Solution File, Format Version 12.00
# Visual Studio Version 17
VisualStudioVersion = 17.0.31903.59
MinimumVisualStudioVersion = 10.0.40219.1
Project("{FAE04EC0-301F-11D3-BF4B-00C04F79EFBC}") = "Arbeitszeiterfassung.Common", "Arbeitszeiterfassung.Common\Arbeitszeiterfassung.Common.csproj", "{053157A9-258B-412F-994C-E871D08D1F13}"
EndProject
Project("{FAE04EC0-301F-11D3-BF4B-00C04F79EFBC}") = "Arbeitszeiterfassung.DAL", "Arbeitszeiterfassung.DAL\Arbeitszeiterfassung.DAL.csproj", "{88505F73-E63C-4A3A-AB85-7E02869C5B58}"
EndProject
Project("{FAE04EC0-301F-11D3-BF4B-00C04F79EFBC}") = "Arbeitszeiterfassung.BLL", "Arbeitszeiterfassung.BLL\Arbeitszeiterfassung.BLL.csproj", "{6ACE0528-E28A-42A0-B8A0-707A0B885858}"
EndProject
Project("{FAE04EC0-301F-11D3-BF4B-00C04F79EFBC}") = "Arbeitszeiterfassung.Tests", "Arbeitszeiterfassung.Tests\Arbeitszeiterfassung.Tests.csproj", "{A915E6C7-8EB7-46E2-ACF7-185B40309353}"
EndProject
Project("{FAE04EC0-301F-11D3-BF4B-00C04F79EFBC}") = "Arbeitszeiterfassung.UI", "Arbeitszeiterfassung.UI\Arbeitszeiterfassung.UI.csproj", "{F3A82DE8-7A2D-4A16-8E25-FFD8D545B5FA}"
EndProject
Global

        GlobalSection(SolutionConfigurationPlatforms) = preSolution
                Debug|x64 = Debug|x64
                Release|x64 = Release|x64
        EndGlobalSection
        GlobalSection(ProjectConfigurationPlatforms) = postSolution
                {053157A9-258B-412F-994C-E871D08D1F13}.Debug|x64.ActiveCfg = Debug|x64
                {053157A9-258B-412F-994C-E871D08D1F13}.Debug|x64.Build.0 = Debug|x64
                {053157A9-258B-412F-994C-E871D08D1F13}.Release|x64.ActiveCfg = Release|x64
                {053157A9-258B-412F-994C-E871D08D1F13}.Release|x64.Build.0 = Release|x64
                {88505F73-E63C-4A3A-AB85-7E02869C5B58}.Debug|x64.ActiveCfg = Debug|x64
                {88505F73-E63C-4A3A-AB85-7E02869C5B58}.Debug|x64.Build.0 = Debug|x64
                {88505F73-E63C-4A3A-AB85-7E02869C5B58}.Release|x64.ActiveCfg = Release|x64
                {88505F73-E63C-4A3A-AB85-7E02869C5B58}.Release|x64.Build.0 = Release|x64
                {6ACE0528-E28A-42A0-B8A0-707A0B885858}.Debug|x64.ActiveCfg = Debug|x64
                {6ACE0528-E28A-42A0-B8A0-707A0B885858}.Debug|x64.Build.0 = Debug|x64
                {6ACE0528-E28A-42A0-B8A0-707A0B885858}.Release|x64.ActiveCfg = Release|x64
                {6ACE0528-E28A-42A0-B8A0-707A0B885858}.Release|x64.Build.0 = Release|x64
                {A915E6C7-8EB7-46E2-ACF7-185B40309353}.Debug|x64.ActiveCfg = Debug|x64
                {A915E6C7-8EB7-46E2-ACF7-185B40309353}.Debug|x64.Build.0 = Debug|x64
                {A915E6C7-8EB7-46E2-ACF7-185B40309353}.Release|x64.ActiveCfg = Release|x64
                {A915E6C7-8EB7-46E2-ACF7-185B40309353}.Release|x64.Build.0 = Release|x64
                {F3A82DE8-7A2D-4A16-8E25-FFD8D545B5FA}.Debug|x64.ActiveCfg = Debug|x64
                {F3A82DE8-7A2D-4A16-8E25-FFD8D545B5FA}.Debug|x64.Build.0 = Debug|x64
                {F3A82DE8-7A2D-4A16-8E25-FFD8D545B5FA}.Release|x64.ActiveCfg = Release|x64
                {F3A82DE8-7A2D-4A16-8E25-FFD8D545B5FA}.Release|x64.Build.0 = Release|x64

	EndGlobalSection
	GlobalSection(SolutionProperties) = preSolution
		HideSolutionNode = FALSE
	EndGlobalSection
EndGlobal
